
Microsoft Visual Studio Solution File, Format Version 12.00
# Visual Studio Version 16
VisualStudioVersion = 16.0.31424.327
MinimumVisualStudioVersion = 10.0.40219.1
Project("{FAE04EC0-301F-11D3-BF4B-00C04F79EFBC}") = "ManBoyApp", "ManBoyApp.csproj", "{17785C9A-BA53-4466-AC15-2F4844A5D9D4}"
EndProject
Global
	GlobalSection(SolutionConfigurationPlatforms) = preSolution
		Debug|Any CPU = Debug|Any CPU
		Release|Any CPU = Release|Any CPU
	EndGlobalSection
	GlobalSection(ProjectConfigurationPlatforms) = postSolution
		{17785C9A-BA53-4466-AC15-2F4844A5D9D4}.Debug|Any CPU.ActiveCfg = Debug|Any CPU
		{17785C9A-BA53-4466-AC15-2F4844A5D9D4}.Debug|Any CPU.Build.0 = Debug|Any CPU
		{17785C9A-BA53-4466-AC15-2F4844A5D9D4}.Release|Any CPU.ActiveCfg = Release|Any CPU
		{17785C9A-BA53-4466-AC15-2F4844A5D9D4}.Release|Any CPU.Build.0 = Release|Any CPU
	EndGlobalSection
	GlobalSection(SolutionProperties) = preSolution
		HideSolutionNode = FALSE
	EndGlobalSection
	GlobalSection(ExtensibilityGlobals) = postSolution
		SolutionGuid = {64A825E1-10E8-4062-A9AF-9999735EFD20}
	EndGlobalSection
EndGlobal
